
Microsoft Visual Studio Solution File, Format Version 12.00
# Visual Studio 2012
Project("{FAE04EC0-301F-11D3-BF4B-00C04F79EFBC}") = "EmojiCar.Android", "EmojiCar.Android\EmojiCar.Android.csproj", "{26449FBF-2E6B-417C-91EC-0236C8B04367}"
EndProject
Project("{FAE04EC0-301F-11D3-BF4B-00C04F79EFBC}") = "EmojiCar.iOS", "EmojiCar.iOS\EmojiCar.iOS.csproj", "{AB9DB4EB-1F34-445B-9397-E4DE0B79D830}"
EndProject
Project("{FAE04EC0-301F-11D3-BF4B-00C04F79EFBC}") = "EmojiCar", "EmojiCar\EmojiCar.csproj", "{4B232139-21A4-46D4-B24E-3F2F4B073E80}"
EndProject
Global
	GlobalSection(SolutionConfigurationPlatforms) = preSolution
		Debug|Any CPU = Debug|Any CPU
		Release|Any CPU = Release|Any CPU
		Debug|iPhoneSimulator = Debug|iPhoneSimulator
		Release|iPhoneSimulator = Release|iPhoneSimulator
		Debug|iPhone = Debug|iPhone
		Release|iPhone = Release|iPhone
		Ad-Hoc|iPhone = Ad-Hoc|iPhone
		AppStore|iPhone = AppStore|iPhone
	EndGlobalSection
	GlobalSection(ProjectConfigurationPlatforms) = postSolution
		{26449FBF-2E6B-417C-91EC-0236C8B04367}.Debug|Any CPU.ActiveCfg = Debug|Any CPU
		{26449FBF-2E6B-417C-91EC-0236C8B04367}.Debug|Any CPU.Build.0 = Debug|Any CPU
		{26449FBF-2E6B-417C-91EC-0236C8B04367}.Release|Any CPU.ActiveCfg = Release|Any CPU
		{26449FBF-2E6B-417C-91EC-0236C8B04367}.Release|Any CPU.Build.0 = Release|Any CPU
		{26449FBF-2E6B-417C-91EC-0236C8B04367}.Debug|iPhoneSimulator.ActiveCfg = Debug|Any CPU
		{26449FBF-2E6B-417C-91EC-0236C8B04367}.Debug|iPhoneSimulator.Build.0 = Debug|Any CPU
		{26449FBF-2E6B-417C-91EC-0236C8B04367}.Release|iPhoneSimulator.ActiveCfg = Release|Any CPU
		{26449FBF-2E6B-417C-91EC-0236C8B04367}.Release|iPhoneSimulator.Build.0 = Release|Any CPU
		{26449FBF-2E6B-417C-91EC-0236C8B04367}.Debug|iPhone.ActiveCfg = Debug|Any CPU
		{26449FBF-2E6B-417C-91EC-0236C8B04367}.Debug|iPhone.Build.0 = Debug|Any CPU
		{26449FBF-2E6B-417C-91EC-0236C8B04367}.Release|iPhone.ActiveCfg = Release|Any CPU
		{26449FBF-2E6B-417C-91EC-0236C8B04367}.Release|iPhone.Build.0 = Release|Any CPU
		{26449FBF-2E6B-417C-91EC-0236C8B04367}.Ad-Hoc|iPhone.ActiveCfg = Debug|Any CPU
		{26449FBF-2E6B-417C-91EC-0236C8B04367}.Ad-Hoc|iPhone.Build.0 = Debug|Any CPU
		{26449FBF-2E6B-417C-91EC-0236C8B04367}.AppStore|iPhone.ActiveCfg = Debug|Any CPU
		{26449FBF-2E6B-417C-91EC-0236C8B04367}.AppStore|iPhone.Build.0 = Debug|Any CPU
		{AB9DB4EB-1F34-445B-9397-E4DE0B79D830}.Debug|Any CPU.ActiveCfg = Debug|iPhoneSimulator
		{AB9DB4EB-1F34-445B-9397-E4DE0B79D830}.Debug|Any CPU.Build.0 = Debug|iPhoneSimulator
		{AB9DB4EB-1F34-445B-9397-E4DE0B79D830}.Release|Any CPU.ActiveCfg = Release|iPhoneSimulator
		{AB9DB4EB-1F34-445B-9397-E4DE0B79D830}.Release|Any CPU.Build.0 = Release|iPhoneSimulator
		{AB9DB4EB-1F34-445B-9397-E4DE0B79D830}.Debug|iPhoneSimulator.ActiveCfg = Debug|iPhoneSimulator
		{AB9DB4EB-1F34-445B-9397-E4DE0B79D830}.Debug|iPhoneSimulator.Build.0 = Debug|iPhoneSimulator
		{AB9DB4EB-1F34-445B-9397-E4DE0B79D830}.Release|iPhoneSimulator.ActiveCfg = Release|iPhoneSimulator
		{AB9DB4EB-1F34-445B-9397-E4DE0B79D830}.Release|iPhoneSimulator.Build.0 = Release|iPhoneSimulator
		{AB9DB4EB-1F34-445B-9397-E4DE0B79D830}.Debug|iPhone.ActiveCfg = Debug|iPhone
		{AB9DB4EB-1F34-445B-9397-E4DE0B79D830}.Debug|iPhone.Build.0 = Debug|iPhone
		{AB9DB4EB-1F34-445B-9397-E4DE0B79D830}.Release|iPhone.ActiveCfg = Release|iPhone
		{AB9DB4EB-1F34-445B-9397-E4DE0B79D830}.Release|iPhone.Build.0 = Release|iPhone
		{AB9DB4EB-1F34-445B-9397-E4DE0B79D830}.Ad-Hoc|iPhone.ActiveCfg = Ad-Hoc|iPhone
		{AB9DB4EB-1F34-445B-9397-E4DE0B79D830}.Ad-Hoc|iPhone.Build.0 = Ad-Hoc|iPhone
		{AB9DB4EB-1F34-445B-9397-E4DE0B79D830}.AppStore|iPhone.ActiveCfg = AppStore|iPhone
		{AB9DB4EB-1F34-445B-9397-E4DE0B79D830}.AppStore|iPhone.Build.0 = AppStore|iPhone
		{4B232139-21A4-46D4-B24E-3F2F4B073E80}.Debug|Any CPU.ActiveCfg = Debug|Any CPU
		{4B232139-21A4-46D4-B24E-3F2F4B073E80}.Debug|Any CPU.Build.0 = Debug|Any CPU
		{4B232139-21A4-46D4-B24E-3F2F4B073E80}.Release|Any CPU.ActiveCfg = Release|Any CPU
		{4B232139-21A4-46D4-B24E-3F2F4B073E80}.Release|Any CPU.Build.0 = Release|Any CPU
		{4B232139-21A4-46D4-B24E-3F2F4B073E80}.Debug|iPhoneSimulator.ActiveCfg = Debug|Any CPU
		{4B232139-21A4-46D4-B24E-3F2F4B073E80}.Debug|iPhoneSimulator.Build.0 = Debug|Any CPU
		{4B232139-21A4-46D4-B24E-3F2F4B073E80}.Release|iPhoneSimulator.ActiveCfg = Release|Any CPU
		{4B232139-21A4-46D4-B24E-3F2F4B073E80}.Release|iPhoneSimulator.Build.0 = Release|Any CPU
		{4B232139-21A4-46D4-B24E-3F2F4B073E80}.Debug|iPhone.ActiveCfg = Debug|Any CPU
		{4B232139-21A4-46D4-B24E-3F2F4B073E80}.Debug|iPhone.Build.0 = Debug|Any CPU
		{4B232139-21A4-46D4-B24E-3F2F4B073E80}.Release|iPhone.ActiveCfg = Release|Any CPU
		{4B232139-21A4-46D4-B24E-3F2F4B073E80}.Release|iPhone.Build.0 = Release|Any CPU
		{4B232139-21A4-46D4-B24E-3F2F4B073E80}.Ad-Hoc|iPhone.ActiveCfg = Debug|Any CPU
		{4B232139-21A4-46D4-B24E-3F2F4B073E80}.Ad-Hoc|iPhone.Build.0 = Debug|Any CPU
		{4B232139-21A4-46D4-B24E-3F2F4B073E80}.AppStore|iPhone.ActiveCfg = Debug|Any CPU
		{4B232139-21A4-46D4-B24E-3F2F4B073E80}.AppStore|iPhone.Build.0 = Debug|Any CPU
	EndGlobalSection
EndGlobal
